
Microsoft Visual Studio Solution File, Format Version 12.00
# Visual Studio Version 16
VisualStudioVersion = 16.0.33130.400
MinimumVisualStudioVersion = 10.0.40219.1
Project("{FAE04EC0-301F-11D3-BF4B-00C04F79EFBC}") = "Mediator", "Mediator\Mediator.csproj", "{6AC9D7F9-777C-4056-BFE7-E9FF001DEC60}"
EndProject
Global
	GlobalSection(SolutionConfigurationPlatforms) = preSolution
		Debug|Any CPU = Debug|Any CPU
		Release|Any CPU = Release|Any CPU
	EndGlobalSection
	GlobalSection(ProjectConfigurationPlatforms) = postSolution
		{6AC9D7F9-777C-4056-BFE7-E9FF001DEC60}.Debug|Any CPU.ActiveCfg = Debug|Any CPU
		{6AC9D7F9-777C-4056-BFE7-E9FF001DEC60}.Debug|Any CPU.Build.0 = Debug|Any CPU
		{6AC9D7F9-777C-4056-BFE7-E9FF001DEC60}.Release|Any CPU.ActiveCfg = Release|Any CPU
		{6AC9D7F9-777C-4056-BFE7-E9FF001DEC60}.Release|Any CPU.Build.0 = Release|Any CPU
	EndGlobalSection
	GlobalSection(SolutionProperties) = preSolution
		HideSolutionNode = FALSE
	EndGlobalSection
	GlobalSection(ExtensibilityGlobals) = postSolution
		SolutionGuid = {0BF05A1D-5A91-488A-AE5A-175EA1B37EB2}
	EndGlobalSection
EndGlobal
